{
  "name": "plutus-ledger-api",
  "version": "1.0.0",
  "lockfileVersion": 3,
  "requires": true,
  "packages": {
    "": {
      "name": "plutus-ledger-api",
      "version": "1.0.0",
      "license": "ISC",
      "dependencies": {
        "prelude": "https://github.com/mlabs-haskell/prelude-typescript/releases/download/v1.0.0/prelude-1.0.0.tgz"
      },
      "devDependencies": {
        "@types/node": "^20.8.10",
        "fast-check": "^3.14.0",
        "typescript": "^5.2.2"
      }
    },
    "node_modules/@types/node": {
      "version": "20.10.4",
      "resolved": "https://registry.npmjs.org/@types/node/-/node-20.10.4.tgz",
      "integrity": "sha512-D08YG6rr8X90YB56tSIuBaddy/UXAA9RKJoFvrsnogAum/0pmjkgi4+2nx96A330FmioegBWmEYQ+syqCFaveg==",
      "dev": true,
      "dependencies": {
        "undici-types": "~5.26.4"
      }
    },
    "node_modules/fast-check": {
      "version": "3.14.0",
      "resolved": "https://registry.npmjs.org/fast-check/-/fast-check-3.14.0.tgz",
      "integrity": "sha512-9Z0zqASzDNjXBox/ileV/fd+4P+V/f3o4shM6QawvcdLFh8yjPG4h5BrHUZ8yzY6amKGDTAmRMyb/JZqe+dCgw==",
      "dev": true,
      "funding": [
        {
          "type": "individual",
          "url": "https://github.com/sponsors/dubzzz"
        },
        {
          "type": "opencollective",
          "url": "https://opencollective.com/fast-check"
        }
      ],
      "dependencies": {
        "pure-rand": "^6.0.0"
      },
      "engines": {
        "node": ">=8.0.0"
      }
    },
    "node_modules/prelude": {
      "version": "1.0.0",
      "resolved": "https://github.com/mlabs-haskell/prelude-typescript/releases/download/v1.0.0/prelude-1.0.0.tgz",
      "integrity": "sha512-bsaXm+ymTR6DSIg834HnUabf9kHv0u80ip5IsCxpkPrzfqk5x8U28wA12T/gVZSBzOv2MEe+ntl9HOsfiizQPw==",
      "license": "ISC"
    },
    "node_modules/pure-rand": {
      "version": "6.0.4",
      "resolved": "https://registry.npmjs.org/pure-rand/-/pure-rand-6.0.4.tgz",
      "integrity": "sha512-LA0Y9kxMYv47GIPJy6MI84fqTd2HmYZI83W/kM/SkKfDlajnZYfmXFTxkbY+xSBPkLJxltMa9hIkmdc29eguMA==",
      "dev": true,
      "funding": [
        {
          "type": "individual",
          "url": "https://github.com/sponsors/dubzzz"
        },
        {
          "type": "opencollective",
          "url": "https://opencollective.com/fast-check"
        }
      ]
    },
    "node_modules/typescript": {
      "version": "5.3.3",
      "resolved": "https://registry.npmjs.org/typescript/-/typescript-5.3.3.tgz",
      "integrity": "sha512-pXWcraxM0uxAS+tN0AG/BF2TyqmHO014Z070UsJ+pFvYuRSq8KH8DmWpnbXe0pEPDHXZV3FcAbJkijJ5oNEnWw==",
      "dev": true,
      "bin": {
        "tsc": "bin/tsc",
        "tsserver": "bin/tsserver"
      },
      "engines": {
        "node": ">=14.17"
      }
    },
    "node_modules/undici-types": {
      "version": "5.26.5",
      "resolved": "https://registry.npmjs.org/undici-types/-/undici-types-5.26.5.tgz",
      "integrity": "sha512-JlCMO+ehdEIKqlFxk6IfVoAUVmgz7cU7zD/h9XZ0qzeosSHmUJVOzSQvvYSYWXkFXC+IfLKSIffhv0sVZup6pA==",
      "dev": true
    }
  }
}
